
Microsoft Visual Studio Solution File, Format Version 12.00
# Visual Studio Version 17
VisualStudioVersion = 17.8.34330.188
MinimumVisualStudioVersion = 10.0.40219.1
Project("{FAE04EC0-301F-11D3-BF4B-00C04F79EFBC}") = "EntityFrameworkLesson", "EntityFrameworkLesson\EntityFrameworkLesson.csproj", "{03C85C0E-6EA8-4429-9A6A-E046DBC48169}"
EndProject
Global
	GlobalSection(SolutionConfigurationPlatforms) = preSolution
		Debug|Any CPU = Debug|Any CPU
		Release|Any CPU = Release|Any CPU
	EndGlobalSection
	GlobalSection(ProjectConfigurationPlatforms) = postSolution
		{03C85C0E-6EA8-4429-9A6A-E046DBC48169}.Debug|Any CPU.ActiveCfg = Debug|Any CPU
		{03C85C0E-6EA8-4429-9A6A-E046DBC48169}.Debug|Any CPU.Build.0 = Debug|Any CPU
		{03C85C0E-6EA8-4429-9A6A-E046DBC48169}.Release|Any CPU.ActiveCfg = Release|Any CPU
		{03C85C0E-6EA8-4429-9A6A-E046DBC48169}.Release|Any CPU.Build.0 = Release|Any CPU
	EndGlobalSection
	GlobalSection(SolutionProperties) = preSolution
		HideSolutionNode = FALSE
	EndGlobalSection
	GlobalSection(ExtensibilityGlobals) = postSolution
		SolutionGuid = {85B387EA-1050-46FD-B928-1CEC5ADA5D85}
	EndGlobalSection
EndGlobal
